version: 2.0
shards:
  ameba:
    git: https://github.com/veelenga/ameba.git
    version: 0.14.3

  bindata:
    git: https://github.com/spider-gazelle/bindata.git
    version: 1.8.2

  connect-proxy:
    git: https://github.com/spider-gazelle/connect-proxy.git
    version: 1.4.1

  jwt:
    git: https://github.com/crystal-community/jwt.git
    version: 1.6.0

  openssl_ext:
    git: https://github.com/spider-gazelle/openssl_ext.git
    version: 2.1.5

  webmock:
    git: https://github.com/manastech/webmock.cr.git
    version: 0.14.0

